<?xml version="1.0" encoding="UTF-8" standalone="yes" ?>
<CodeBlocks_project_file>
	<FileVersion major="1" minor="6" />
	<Project>
		<Option title="prj_cluedo_V6" />
		<Option pch_mode="2" />
		<Option compiler="gcc" />
		<Build>
			<Target title="Debug">
				<Option output="bin/Debug/prj_cluedo_V6" prefix_auto="1" extension_auto="1" />
				<Option object_output="obj/Debug/" />
				<Option type="1" />
				<Option compiler="gcc" />
				<Compiler>
					<Add option="-g" />
				</Compiler>
				<Linker>
					<Add library="C:/Program Files (x86)/CodeBlocks/MinGW/bin/alleg44.dll" />
				</Linker>
			</Target>
			<Target title="Release">
				<Option output="bin/Release/prj_cluedo_V6" prefix_auto="1" extension_auto="1" />
				<Option object_output="obj/Release/" />
				<Option type="1" />
				<Option compiler="gcc" />
				<Compiler>
					<Add option="-O2" />
				</Compiler>
				<Linker>
					<Add option="-s" />
				</Linker>
			</Target>
		</Build>
		<Compiler>
			<Add option="-Wall" />
			<Add option="-fexceptions" />
		</Compiler>
		<Unit filename="class_plateau.cpp" />
		<Unit filename="classe_carte.cpp" />
		<Unit filename="classe_case.cpp" />
		<Unit filename="classe_chance.cpp" />
		<Unit filename="classe_cluedo.cpp" />
		<Unit filename="classe_joueur.cpp" />
		<Unit filename="classe_meurtrier.cpp" />
		<Unit filename="classe_partie.cpp" />
		<Unit filename="fonction_allegro.cpp" />
		<Unit filename="header_carte.h" />
		<Unit filename="header_case.h" />
		<Unit filename="header_chance.h" />
		<Unit filename="header_cluedo.h" />
		<Unit filename="header_joueur.h" />
		<Unit filename="header_meurtrier.h" />
		<Unit filename="header_partie.h" />
		<Unit filename="header_plateau.h" />
		<Unit filename="header_principal.h" />
		<Unit filename="main.cpp" />
		<Extensions>
			<lib_finder disable_auto="1" />
		</Extensions>
	</Project>
</CodeBlocks_project_file>
